
Microsoft Visual Studio Solution File, Format Version 12.00
# Visual Studio Version 17
VisualStudioVersion = 17.13.35806.99 d17.13
MinimumVisualStudioVersion = 10.0.40219.1
Project("{FAE04EC0-301F-11D3-BF4B-00C04F79EFBC}") = "CastingExercises", "CastingExercises.csproj", "{E5FDA55E-9375-4B03-B650-CC884F63F82A}"
EndProject
Global
	GlobalSection(SolutionConfigurationPlatforms) = preSolution
		Debug|Any CPU = Debug|Any CPU
		Release|Any CPU = Release|Any CPU
	EndGlobalSection
	GlobalSection(ProjectConfigurationPlatforms) = postSolution
		{E5FDA55E-9375-4B03-B650-CC884F63F82A}.Debug|Any CPU.ActiveCfg = Debug|Any CPU
		{E5FDA55E-9375-4B03-B650-CC884F63F82A}.Debug|Any CPU.Build.0 = Debug|Any CPU
		{E5FDA55E-9375-4B03-B650-CC884F63F82A}.Release|Any CPU.ActiveCfg = Release|Any CPU
		{E5FDA55E-9375-4B03-B650-CC884F63F82A}.Release|Any CPU.Build.0 = Release|Any CPU
	EndGlobalSection
	GlobalSection(SolutionProperties) = preSolution
		HideSolutionNode = FALSE
	EndGlobalSection
	GlobalSection(ExtensibilityGlobals) = postSolution
		SolutionGuid = {6DD2B7D9-36C0-41D4-A16D-0875A1A137F1}
	EndGlobalSection
EndGlobal
